
Microsoft Visual Studio Solution File, Format Version 12.00
# Visual Studio Version 16
VisualStudioVersion = 16.0.31702.278
MinimumVisualStudioVersion = 10.0.40219.1
Project("{9A19103F-16F7-4668-BE54-9A1E7A4F7556}") = "LocalNews", "LocalNews\LocalNews.csproj", "{C2A55076-CB1E-49CC-8DF2-6837E908A847}"
EndProject
Project("{9A19103F-16F7-4668-BE54-9A1E7A4F7556}") = "LocalNews.Service", "LocalNews.Service\LocalNews.Service.csproj", "{7227626C-7CDC-4B33-89AE-DA0CA3210790}"
EndProject
Project("{FAE04EC0-301F-11D3-BF4B-00C04F79EFBC}") = "LocalNews.Scraper", "LocalNews.Scraper\LocalNews.Scraper.csproj", "{41A93A6D-7D84-4D27-9FE5-E672098A7027}"
EndProject
Global
	GlobalSection(SolutionConfigurationPlatforms) = preSolution
		Debug|Any CPU = Debug|Any CPU
		Release|Any CPU = Release|Any CPU
	EndGlobalSection
	GlobalSection(ProjectConfigurationPlatforms) = postSolution
		{C2A55076-CB1E-49CC-8DF2-6837E908A847}.Debug|Any CPU.ActiveCfg = Debug|Any CPU
		{C2A55076-CB1E-49CC-8DF2-6837E908A847}.Debug|Any CPU.Build.0 = Debug|Any CPU
		{C2A55076-CB1E-49CC-8DF2-6837E908A847}.Release|Any CPU.ActiveCfg = Release|Any CPU
		{C2A55076-CB1E-49CC-8DF2-6837E908A847}.Release|Any CPU.Build.0 = Release|Any CPU
		{7227626C-7CDC-4B33-89AE-DA0CA3210790}.Debug|Any CPU.ActiveCfg = Debug|Any CPU
		{7227626C-7CDC-4B33-89AE-DA0CA3210790}.Debug|Any CPU.Build.0 = Debug|Any CPU
		{7227626C-7CDC-4B33-89AE-DA0CA3210790}.Release|Any CPU.ActiveCfg = Release|Any CPU
		{7227626C-7CDC-4B33-89AE-DA0CA3210790}.Release|Any CPU.Build.0 = Release|Any CPU
		{41A93A6D-7D84-4D27-9FE5-E672098A7027}.Debug|Any CPU.ActiveCfg = Debug|Any CPU
		{41A93A6D-7D84-4D27-9FE5-E672098A7027}.Debug|Any CPU.Build.0 = Debug|Any CPU
		{41A93A6D-7D84-4D27-9FE5-E672098A7027}.Release|Any CPU.ActiveCfg = Release|Any CPU
		{41A93A6D-7D84-4D27-9FE5-E672098A7027}.Release|Any CPU.Build.0 = Release|Any CPU
	EndGlobalSection
	GlobalSection(SolutionProperties) = preSolution
		HideSolutionNode = FALSE
	EndGlobalSection
	GlobalSection(ExtensibilityGlobals) = postSolution
		SolutionGuid = {497930A7-27A9-45CA-A16E-9D80AB0EA959}
	EndGlobalSection
EndGlobal
