
Microsoft Visual Studio Solution File, Format Version 12.00
# Visual Studio 15
VisualStudioVersion = 15.0.28307.1684
MinimumVisualStudioVersion = 10.0.40219.1
Project("{FAE04EC0-301F-11D3-BF4B-00C04F79EFBC}") = "LocalNews", "LocalNews\LocalNews.csproj", "{C2A55076-CB1E-49CC-8DF2-6837E908A847}"
EndProject
Project("{FAE04EC0-301F-11D3-BF4B-00C04F79EFBC}") = "LocalNews.Service", "LocalNews.Service\LocalNews.Service.csproj", "{7227626C-7CDC-4B33-89AE-DA0CA3210790}"
EndProject
Global
	GlobalSection(SolutionConfigurationPlatforms) = preSolution
		Debug|Any CPU = Debug|Any CPU
		Release|Any CPU = Release|Any CPU
	EndGlobalSection
	GlobalSection(ProjectConfigurationPlatforms) = postSolution
		{C2A55076-CB1E-49CC-8DF2-6837E908A847}.Debug|Any CPU.ActiveCfg = Debug|Any CPU
		{C2A55076-CB1E-49CC-8DF2-6837E908A847}.Debug|Any CPU.Build.0 = Debug|Any CPU
		{C2A55076-CB1E-49CC-8DF2-6837E908A847}.Release|Any CPU.ActiveCfg = Release|Any CPU
		{C2A55076-CB1E-49CC-8DF2-6837E908A847}.Release|Any CPU.Build.0 = Release|Any CPU
		{7227626C-7CDC-4B33-89AE-DA0CA3210790}.Debug|Any CPU.ActiveCfg = Debug|Any CPU
		{7227626C-7CDC-4B33-89AE-DA0CA3210790}.Debug|Any CPU.Build.0 = Debug|Any CPU
		{7227626C-7CDC-4B33-89AE-DA0CA3210790}.Release|Any CPU.ActiveCfg = Release|Any CPU
		{7227626C-7CDC-4B33-89AE-DA0CA3210790}.Release|Any CPU.Build.0 = Release|Any CPU
	EndGlobalSection
	GlobalSection(SolutionProperties) = preSolution
		HideSolutionNode = FALSE
	EndGlobalSection
	GlobalSection(ExtensibilityGlobals) = postSolution
		SolutionGuid = {497930A7-27A9-45CA-A16E-9D80AB0EA959}
	EndGlobalSection
EndGlobal
